schemaVersion: 1
reviewedAt: "2026-07-29"
sources:
  - name: volcano
    role: primary-benchmark-framework
    repository: https://github.com/volcano-sh/volcano.git
    branch: master
    commit: d40caf9d3cb605df0babbb84e0221dd2c2e0b0a9
    benchmarkPath: benchmark
    candidateRelease: v1.14.2
  - name: kwok
    role: simulated-kubernetes-nodes
    repository: https://github.com/kubernetes-sigs/kwok.git
    release: v0.7.0
    reviewedMainCommit: 3ddf36cdfc50b6c5bbca4d57b83929a1bc9d4d38
  - name: kind
    role: local-kubernetes-cluster
    repository: https://github.com/kubernetes-sigs/kind.git
    versionConstraint: ">= 0.20.0"
    reviewedMainCommit: 50a78d4ca5fae02609b75b2b409b445e7dd4bcf9
    pinBeforePackaging: true
optionalSources:
  - name: kube-burner
    repository: https://github.com/kube-burner/kube-burner.git
    reviewedMainCommit: 63ff6081d8c34e52df66e686954c980116df64ec
  - name: kubernetes-perf-tests
    repository: https://github.com/kubernetes/perf-tests.git
    reviewedMainCommit: c0b99a08484364ceaa64d72c87c95995feff194a

